
Microsoft Visual Studio Solution File, Format Version 12.00
# Visual Studio Version 17
VisualStudioVersion = 17.11.35312.102
MinimumVisualStudioVersion = 10.0.40219.1
Project("{FAE04EC0-301F-11D3-BF4B-00C04F79EFBC}") = "cassettasicurezza", "cassettasicurezza.csproj", "{ECDDF6A8-1AAC-4D34-9E71-6BF47564FD45}"
EndProject
Global
	GlobalSection(SolutionConfigurationPlatforms) = preSolution
		Debug|Any CPU = Debug|Any CPU
		Release|Any CPU = Release|Any CPU
	EndGlobalSection
	GlobalSection(ProjectConfigurationPlatforms) = postSolution
		{ECDDF6A8-1AAC-4D34-9E71-6BF47564FD45}.Debug|Any CPU.ActiveCfg = Debug|Any CPU
		{ECDDF6A8-1AAC-4D34-9E71-6BF47564FD45}.Debug|Any CPU.Build.0 = Debug|Any CPU
		{ECDDF6A8-1AAC-4D34-9E71-6BF47564FD45}.Release|Any CPU.ActiveCfg = Release|Any CPU
		{ECDDF6A8-1AAC-4D34-9E71-6BF47564FD45}.Release|Any CPU.Build.0 = Release|Any CPU
	EndGlobalSection
	GlobalSection(SolutionProperties) = preSolution
		HideSolutionNode = FALSE
	EndGlobalSection
	GlobalSection(ExtensibilityGlobals) = postSolution
		SolutionGuid = {7FCA3CBD-5153-4C71-AAE5-00DF1507E489}
	EndGlobalSection
EndGlobal
